
Microsoft Visual Studio Solution File, Format Version 12.00
# Visual Studio 15
VisualStudioVersion = 15.0.26124.0
MinimumVisualStudioVersion = 15.0.26124.0
Project("{F2A71F9B-5D33-465A-A702-920D77279786}") = "FGL_Core", "FGL_Core\FGL_Core.fsproj", "{9C7C0BFA-08D6-4FCC-8EF4-229F4AC8D093}"
EndProject
Project("{F2A71F9B-5D33-465A-A702-920D77279786}") = "FGL_Test", "FGL_Test\FGL_Test.fsproj", "{8927F7E8-FEC2-417A-9816-16EA9D6710BB}"
EndProject
Project("{F2A71F9B-5D33-465A-A702-920D77279786}") = "FGL_TestApp", "FGL_TestApp\FGL_TestApp.fsproj", "{CBA4D696-06F2-43E0-871A-AFFA94569A30}"
EndProject
Global
	GlobalSection(SolutionConfigurationPlatforms) = preSolution
		Debug|Any CPU = Debug|Any CPU
		Debug|x64 = Debug|x64
		Debug|x86 = Debug|x86
		Release|Any CPU = Release|Any CPU
		Release|x64 = Release|x64
		Release|x86 = Release|x86
	EndGlobalSection
	GlobalSection(SolutionProperties) = preSolution
		HideSolutionNode = FALSE
	EndGlobalSection
	GlobalSection(ProjectConfigurationPlatforms) = postSolution
		{9C7C0BFA-08D6-4FCC-8EF4-229F4AC8D093}.Debug|Any CPU.ActiveCfg = Debug|Any CPU
		{9C7C0BFA-08D6-4FCC-8EF4-229F4AC8D093}.Debug|Any CPU.Build.0 = Debug|Any CPU
		{9C7C0BFA-08D6-4FCC-8EF4-229F4AC8D093}.Debug|x64.ActiveCfg = Debug|x64
		{9C7C0BFA-08D6-4FCC-8EF4-229F4AC8D093}.Debug|x64.Build.0 = Debug|x64
		{9C7C0BFA-08D6-4FCC-8EF4-229F4AC8D093}.Debug|x86.ActiveCfg = Debug|x86
		{9C7C0BFA-08D6-4FCC-8EF4-229F4AC8D093}.Debug|x86.Build.0 = Debug|x86
		{9C7C0BFA-08D6-4FCC-8EF4-229F4AC8D093}.Release|Any CPU.ActiveCfg = Release|Any CPU
		{9C7C0BFA-08D6-4FCC-8EF4-229F4AC8D093}.Release|Any CPU.Build.0 = Release|Any CPU
		{9C7C0BFA-08D6-4FCC-8EF4-229F4AC8D093}.Release|x64.ActiveCfg = Release|x64
		{9C7C0BFA-08D6-4FCC-8EF4-229F4AC8D093}.Release|x64.Build.0 = Release|x64
		{9C7C0BFA-08D6-4FCC-8EF4-229F4AC8D093}.Release|x86.ActiveCfg = Release|x86
		{9C7C0BFA-08D6-4FCC-8EF4-229F4AC8D093}.Release|x86.Build.0 = Release|x86
		{8927F7E8-FEC2-417A-9816-16EA9D6710BB}.Debug|Any CPU.ActiveCfg = Debug|Any CPU
		{8927F7E8-FEC2-417A-9816-16EA9D6710BB}.Debug|Any CPU.Build.0 = Debug|Any CPU
		{8927F7E8-FEC2-417A-9816-16EA9D6710BB}.Debug|x64.ActiveCfg = Debug|x64
		{8927F7E8-FEC2-417A-9816-16EA9D6710BB}.Debug|x64.Build.0 = Debug|x64
		{8927F7E8-FEC2-417A-9816-16EA9D6710BB}.Debug|x86.ActiveCfg = Debug|x86
		{8927F7E8-FEC2-417A-9816-16EA9D6710BB}.Debug|x86.Build.0 = Debug|x86
		{8927F7E8-FEC2-417A-9816-16EA9D6710BB}.Release|Any CPU.ActiveCfg = Release|Any CPU
		{8927F7E8-FEC2-417A-9816-16EA9D6710BB}.Release|Any CPU.Build.0 = Release|Any CPU
		{8927F7E8-FEC2-417A-9816-16EA9D6710BB}.Release|x64.ActiveCfg = Release|x64
		{8927F7E8-FEC2-417A-9816-16EA9D6710BB}.Release|x64.Build.0 = Release|x64
		{8927F7E8-FEC2-417A-9816-16EA9D6710BB}.Release|x86.ActiveCfg = Release|x86
		{8927F7E8-FEC2-417A-9816-16EA9D6710BB}.Release|x86.Build.0 = Release|x86
		{CBA4D696-06F2-43E0-871A-AFFA94569A30}.Debug|Any CPU.ActiveCfg = Debug|Any CPU
		{CBA4D696-06F2-43E0-871A-AFFA94569A30}.Debug|Any CPU.Build.0 = Debug|Any CPU
		{CBA4D696-06F2-43E0-871A-AFFA94569A30}.Debug|x64.ActiveCfg = Debug|x64
		{CBA4D696-06F2-43E0-871A-AFFA94569A30}.Debug|x64.Build.0 = Debug|x64
		{CBA4D696-06F2-43E0-871A-AFFA94569A30}.Debug|x86.ActiveCfg = Debug|x86
		{CBA4D696-06F2-43E0-871A-AFFA94569A30}.Debug|x86.Build.0 = Debug|x86
		{CBA4D696-06F2-43E0-871A-AFFA94569A30}.Release|Any CPU.ActiveCfg = Release|Any CPU
		{CBA4D696-06F2-43E0-871A-AFFA94569A30}.Release|Any CPU.Build.0 = Release|Any CPU
		{CBA4D696-06F2-43E0-871A-AFFA94569A30}.Release|x64.ActiveCfg = Release|x64
		{CBA4D696-06F2-43E0-871A-AFFA94569A30}.Release|x64.Build.0 = Release|x64
		{CBA4D696-06F2-43E0-871A-AFFA94569A30}.Release|x86.ActiveCfg = Release|x86
		{CBA4D696-06F2-43E0-871A-AFFA94569A30}.Release|x86.Build.0 = Release|x86
	EndGlobalSection
EndGlobal
